Microsoft Visual Studio Solution File, Format Version 12.00
# Visual Studio 15
VisualStudioVersion = 15.0.26124.0
MinimumVisualStudioVersion = 15.0.26124.0
Project("{2150E333-8FDC-42A3-9474-1A3956D46DE8}") = "src", "src", "{98B4F9E8-D4E6-43C8-8C84-CCAA3E4B13BB}"
EndProject
Project("{9A19103F-16F7-4668-BE54-9A1E7A4F7556}") = "DarkId.SmartGlass.Cli", "src\DarkId.SmartGlass.Cli\DarkId.SmartGlass.Cli.csproj", "{0513353D-F436-4E1C-A6AB-043D01CB39A0}"
EndProject
Project("{9A19103F-16F7-4668-BE54-9A1E7A4F7556}") = "DarkId.SmartGlass", "src\DarkId.SmartGlass\DarkId.SmartGlass.csproj", "{B100F975-94C9-487A-BDDE-FF9A858E1756}"
EndProject
Global
	GlobalSection(SolutionConfigurationPlatforms) = preSolution
		Debug|Any CPU = Debug|Any CPU
		Debug|x64 = Debug|x64
		Debug|x86 = Debug|x86
		Release|Any CPU = Release|Any CPU
		Release|x64 = Release|x64
		Release|x86 = Release|x86
	EndGlobalSection
	GlobalSection(ProjectConfigurationPlatforms) = postSolution
		{0513353D-F436-4E1C-A6AB-043D01CB39A0}.Debug|Any CPU.ActiveCfg = Debug|Any CPU
		{0513353D-F436-4E1C-A6AB-043D01CB39A0}.Debug|Any CPU.Build.0 = Debug|Any CPU
		{0513353D-F436-4E1C-A6AB-043D01CB39A0}.Debug|x64.ActiveCfg = Debug|Any CPU
		{0513353D-F436-4E1C-A6AB-043D01CB39A0}.Debug|x64.Build.0 = Debug|Any CPU
		{0513353D-F436-4E1C-A6AB-043D01CB39A0}.Debug|x86.ActiveCfg = Debug|Any CPU
		{0513353D-F436-4E1C-A6AB-043D01CB39A0}.Debug|x86.Build.0 = Debug|Any CPU
		{0513353D-F436-4E1C-A6AB-043D01CB39A0}.Release|Any CPU.ActiveCfg = Release|Any CPU
		{0513353D-F436-4E1C-A6AB-043D01CB39A0}.Release|Any CPU.Build.0 = Release|Any CPU
		{0513353D-F436-4E1C-A6AB-043D01CB39A0}.Release|x64.ActiveCfg = Release|Any CPU
		{0513353D-F436-4E1C-A6AB-043D01CB39A0}.Release|x64.Build.0 = Release|Any CPU
		{0513353D-F436-4E1C-A6AB-043D01CB39A0}.Release|x86.ActiveCfg = Release|Any CPU
		{0513353D-F436-4E1C-A6AB-043D01CB39A0}.Release|x86.Build.0 = Release|Any CPU
		{B100F975-94C9-487A-BDDE-FF9A858E1756}.Debug|Any CPU.ActiveCfg = Debug|Any CPU
		{B100F975-94C9-487A-BDDE-FF9A858E1756}.Debug|Any CPU.Build.0 = Debug|Any CPU
		{B100F975-94C9-487A-BDDE-FF9A858E1756}.Debug|x64.ActiveCfg = Debug|Any CPU
		{B100F975-94C9-487A-BDDE-FF9A858E1756}.Debug|x64.Build.0 = Debug|Any CPU
		{B100F975-94C9-487A-BDDE-FF9A858E1756}.Debug|x86.ActiveCfg = Debug|Any CPU
		{B100F975-94C9-487A-BDDE-FF9A858E1756}.Debug|x86.Build.0 = Debug|Any CPU
		{B100F975-94C9-487A-BDDE-FF9A858E1756}.Release|Any CPU.ActiveCfg = Release|Any CPU
		{B100F975-94C9-487A-BDDE-FF9A858E1756}.Release|Any CPU.Build.0 = Release|Any CPU
		{B100F975-94C9-487A-BDDE-FF9A858E1756}.Release|x64.ActiveCfg = Release|Any CPU
		{B100F975-94C9-487A-BDDE-FF9A858E1756}.Release|x64.Build.0 = Release|Any CPU
		{B100F975-94C9-487A-BDDE-FF9A858E1756}.Release|x86.ActiveCfg = Release|Any CPU
		{B100F975-94C9-487A-BDDE-FF9A858E1756}.Release|x86.Build.0 = Release|Any CPU
	EndGlobalSection
	GlobalSection(SolutionProperties) = preSolution
		HideSolutionNode = FALSE
	EndGlobalSection
	GlobalSection(NestedProjects) = preSolution
		{0513353D-F436-4E1C-A6AB-043D01CB39A0} = {98B4F9E8-D4E6-43C8-8C84-CCAA3E4B13BB}
		{B100F975-94C9-487A-BDDE-FF9A858E1756} = {98B4F9E8-D4E6-43C8-8C84-CCAA3E4B13BB}
	EndGlobalSection
	GlobalSection(ExtensibilityGlobals) = postSolution
		SolutionGuid = {30C023A1-F1A9-464E-90D0-C9CC046D8BF0}
	EndGlobalSection
EndGlobal
